// !$*UTF8*$!
{
	archiveVersion = 1;
	classes = {
	};
	objectVersion = 56;
	objects = {

/* Begin PBXBuildFile section */
		8B7F39962C0DA6AD007349BF /* manyouApp.swift in Sources */ = {isa = PBXBuildFile; fileRef = 8B7F39952C0DA6AD007349BF /* manyouApp.swift */; };
		8B7F39982C0DA6AD007349BF /* ContentView.swift in Sources */ = {isa = PBXBuildFile; fileRef = 8B7F39972C0DA6AD007349BF /* ContentView.swift */; };
		8B7F399A2C0DA6B0007349BF /* Assets.xcassets in Resources */ = {isa = PBXBuildFile; fileRef = 8B7F39992C0DA6B0007349BF /* Assets.xcassets */; };
		8B7F399D2C0DA6B0007349BF /* Preview Assets.xcassets in Resources */ = {isa = PBXBuildFile; fileRef = 8B7F399C2C0DA6B0007349BF /* Preview Assets.xcassets */; };
		8B7F39A72C0DA6B0007349BF /* manyouTests.swift in Sources */ = {isa = PBXBuildFile; fileRef = 8B7F39A62C0DA6B0007349BF /* manyouTests.swift */; };
		8B7F39B12C0DA6B0007349BF /* manyouUITests.swift in Sources */ = {isa = PBXBuildFile; fileRef = 8B7F39B02C0DA6B0007349BF /* manyouUITests.swift */; };
		8B7F39B32C0DA6B0007349BF /* manyouUITestsLaunchTests.swift in Sources */ = {isa = PBXBuildFile; fileRef = 8B7F39B22C0DA6B0007349BF /* manyouUITestsLaunchTests.swift */; };
/* End PBXBuildFile section */

/* Begin PBXContainerItemProxy section */
		8B7F39A32C0DA6B0007349BF /* PBXContainerItemProxy */ = {
			isa = PBXContainerItemProxy;
			containerPortal = 8B7F398A2C0DA6AD007349BF /* Project object */;
			proxyType = 1;
			remoteGlobalIDString = 8B7F39912C0DA6AD007349BF;
			remoteInfo = manyou;
		};
		8B7F39AD2C0DA6B0007349BF /* PBXContainerItemProxy */ = {
			isa = PBXContainerItemProxy;
			containerPortal = 8B7F398A2C0DA6AD007349BF /* Project object */;
			proxyType = 1;
			remoteGlobalIDString = 8B7F39912C0DA6AD007349BF;
			remoteInfo = manyou;
		};
/* End PBXContainerItemProxy section */

/* Begin PBXFileReference section */
		8B7F39922C0DA6AD007349BF /* manyou.app */ = {isa = PBXFileReference; explicitFileType = wrapper.application; includeInIndex = 0; path = manyou.app; sourceTree = BUILT_PRODUCTS_DIR; };
		8B7F39952C0DA6AD007349BF /* manyouApp.swift */ = {isa = PBXFileReference; lastKnownFileType = sourcecode.swift; path = manyouApp.swift; sourceTree = "<group>"; };
		8B7F39972C0DA6AD007349BF /* ContentView.swift */ = {isa = PBXFileReference; lastKnownFileType = sourcecode.swift; path = ContentView.swift; sourceTree = "<group>"; };
		8B7F39992C0DA6B0007349BF /* Assets.xcassets */ = {isa = PBXFileReference; lastKnownFileType = folder.assetcatalog; path = Assets.xcassets; sourceTree = "<group>"; };
		8B7F399C2C0DA6B0007349BF /* Preview Assets.xcassets */ = {isa = PBXFileReference; lastKnownFileType = folder.assetcatalog; path = "Preview Assets.xcassets"; sourceTree = "<group>"; };
		8B7F39A22C0DA6B0007349BF /* manyouTests.xctest */ = {isa = PBXFileReference; explicitFileType = wrapper.cfbundle; includeInIndex = 0; path = manyouTests.xctest; sourceTree = BUILT_PRODUCTS_DIR; };
		8B7F39A62C0DA6B0007349BF /* manyouTests.swift */ = {isa = PBXFileReference; lastKnownFileType = sourcecode.swift; path = manyouTests.swift; sourceTree = "<group>"; };
		8B7F39AC2C0DA6B0007349BF /* manyouUITests.xctest */ = {isa = PBXFileReference; explicitFileType = wrapper.cfbundle; includeInIndex = 0; path = manyouUITests.xctest; sourceTree = BUILT_PRODUCTS_DIR; };
		8B7F39B02C0DA6B0007349BF /* manyouUITests.swift */ = {isa = PBXFileReference; lastKnownFileType = sourcecode.swift; path = manyouUITests.swift; sourceTree = "<group>"; };
		8B7F39B22C0DA6B0007349BF /* manyouUITestsLaunchTests.swift */ = {isa = PBXFileReference; lastKnownFileType = sourcecode.swift; path = manyouUITestsLaunchTests.swift; sourceTree = "<group>"; };
/* End PBXFileReference section */

/* Begin PBXFrameworksBuildPhase section */
		8B7F398F2C0DA6AD007349BF /* Frameworks */ = {
			isa = PBXFrameworksBuildPhase;
			buildActionMask = 2147483647;
			files = (
			);
			runOnlyForDeploymentPostprocessing = 0;
		};
		8B7F399F2C0DA6B0007349BF /* Frameworks */ = {
			isa = PBXFrameworksBuildPhase;
			buildActionMask = 2147483647;
			files = (
			);
			runOnlyForDeploymentPostprocessing = 0;
		};
		8B7F39A92C0DA6B0007349BF /* Frameworks */ = {
			isa = PBXFrameworksBuildPhase;
			buildActionMask = 2147483647;
			files = (
			);
			runOnlyForDeploymentPostprocessing = 0;
		};
/* End PBXFrameworksBuildPhase section */

/* Begin PBXGroup section */
		8B7F39892C0DA6AD007349BF = {
			isa = PBXGroup;
			children = (
				8B7F39942C0DA6AD007349BF /* manyou */,
				8B7F39A52C0DA6B0007349BF /* manyouTests */,
				8B7F39AF2C0DA6B0007349BF /* manyouUITests */,
				8B7F39932C0DA6AD007349BF /* Products */,
			);
			sourceTree = "<group>";
		};
		8B7F39932C0DA6AD007349BF /* Products */ = {
			isa = PBXGroup;
			children = (
				8B7F39922C0DA6AD007349BF /* manyou.app */,
				8B7F39A22C0DA6B0007349BF /* manyouTests.xctest */,
				8B7F39AC2C0DA6B0007349BF /* manyouUITests.xctest */,
			);
			name = Products;
			sourceTree = "<group>";
		};
		8B7F39942C0DA6AD007349BF /* manyou */ = {
			isa = PBXGroup;
			children = (
				8B7F39952C0DA6AD007349BF /* manyouApp.swift */,
				8B7F39972C0DA6AD007349BF /* ContentView.swift */,
				8B7F39992C0DA6B0007349BF /* Assets.xcassets */,
				8B7F399B2C0DA6B0007349BF /* Preview Content */,
			);
			path = manyou;
			sourceTree = "<group>";
		};
		8B7F399B2C0DA6B0007349BF /* Preview Content */ = {
			isa = PBXGroup;
			children = (
				8B7F399C2C0DA6B0007349BF /* Preview Assets.xcassets */,
			);
			path = "Preview Content";
			sourceTree = "<group>";
		};
		8B7F39A52C0DA6B0007349BF /* manyouTests */ = {
			isa = PBXGroup;
			children = (
				8B7F39A62C0DA6B0007349BF /* manyouTests.swift */,
			);
			path = manyouTests;
			sourceTree = "<group>";
		};
		8B7F39AF2C0DA6B0007349BF /* manyouUITests */ = {
			isa = PBXGroup;
			children = (
				8B7F39B02C0DA6B0007349BF /* manyouUITests.swift */,
				8B7F39B22C0DA6B0007349BF /* manyouUITestsLaunchTests.swift */,
			);
			path = manyouUITests;
			sourceTree = "<group>";
		};
/* End PBXGroup section */

/* Begin PBXNativeTarget section */
		8B7F39912C0DA6AD007349BF /* manyou */ = {
			isa = PBXNativeTarget;
			buildConfigurationList = 8B7F39B62C0DA6B0007349BF /* Build configuration list for PBXNativeTarget "manyou" */;
			buildPhases = (
				8B7F398E2C0DA6AD007349BF /* Sources */,
				8B7F398F2C0DA6AD007349BF /* Frameworks */,
				8B7F39902C0DA6AD007349BF /* Resources */,
			);
			buildRules = (
			);
			dependencies = (
			);
			name = manyou;
			productName = manyou;
			productReference = 8B7F39922C0DA6AD007349BF /* manyou.app */;
			productType = "com.apple.product-type.application";
		};
		8B7F39A12C0DA6B0007349BF /* manyouTests */ = {
			isa = PBXNativeTarget;
			buildConfigurationList = 8B7F39B92C0DA6B0007349BF /* Build configuration list for PBXNativeTarget "manyouTests" */;
			buildPhases = (
				8B7F399E2C0DA6B0007349BF /* Sources */,
				8B7F399F2C0DA6B0007349BF /* Frameworks */,
				8B7F39A02C0DA6B0007349BF /* Resources */,
			);
			buildRules = (
			);
			dependencies = (
				8B7F39A42C0DA6B0007349BF /* PBXTargetDependency */,
			);
			name = manyouTests;
			productName = manyouTests;
			productReference = 8B7F39A22C0DA6B0007349BF /* manyouTests.xctest */;
			productType = "com.apple.product-type.bundle.unit-test";
		};
		8B7F39AB2C0DA6B0007349BF /* manyouUITests */ = {
			isa = PBXNativeTarget;
			buildConfigurationList = 8B7F39BC2C0DA6B0007349BF /* Build configuration list for PBXNativeTarget "manyouUITests" */;
			buildPhases = (
				8B7F39A82C0DA6B0007349BF /* Sources */,
				8B7F39A92C0DA6B0007349BF /* Frameworks */,
				8B7F39AA2C0DA6B0007349BF /* Resources */,
			);
			buildRules = (
			);
			dependencies = (
				8B7F39AE2C0DA6B0007349BF /* PBXTargetDependency */,
			);
			name = manyouUITests;
			productName = manyouUITests;
			productReference = 8B7F39AC2C0DA6B0007349BF /* manyouUITests.xctest */;
			productType = "com.apple.product-type.bundle.ui-testing";
		};
/* End PBXNativeTarget section */

/* Begin PBXProject section */
		8B7F398A2C0DA6AD007349BF /* Project object */ = {
			isa = PBXProject;
			attributes = {
				BuildIndependentTargetsInParallel = 1;
				LastSwiftUpdateCheck = 1430;
				LastUpgradeCheck = 1430;
				TargetAttributes = {
					8B7F39912C0DA6AD007349BF = {
						CreatedOnToolsVersion = 14.3.1;
					};
					8B7F39A12C0DA6B0007349BF = {
						CreatedOnToolsVersion = 14.3.1;
						TestTargetID = 8B7F39912C0DA6AD007349BF;
					};
					8B7F39AB2C0DA6B0007349BF = {
						CreatedOnToolsVersion = 14.3.1;
						TestTargetID = 8B7F39912C0DA6AD007349BF;
					};
				};
			};
			buildConfigurationList = 8B7F398D2C0DA6AD007349BF /* Build configuration list for PBXProject "manyou" */;
			compatibilityVersion = "Xcode 14.0";
			developmentRegion = en;
			hasScannedForEncodings = 0;
			knownRegions = (
				en,
				Base,
			);
			mainGroup = 8B7F39892C0DA6AD007349BF;
			productRefGroup = 8B7F39932C0DA6AD007349BF /* Products */;
			projectDirPath = "";
			projectRoot = "";
			targets = (
				8B7F39912C0DA6AD007349BF /* manyou */,
				8B7F39A12C0DA6B0007349BF /* manyouTests */,
				8B7F39AB2C0DA6B0007349BF /* manyouUITests */,
			);
		};
/* End PBXProject section */

/* Begin PBXResourcesBuildPhase section */
		8B7F39902C0DA6AD007349BF /* Resources */ = {
			isa = PBXResourcesBuildPhase;
			buildActionMask = 2147483647;
			files = (
				8B7F399D2C0DA6B0007349BF /* Preview Assets.xcassets in Resources */,
				8B7F399A2C0DA6B0007349BF /* Assets.xcassets in Resources */,
			);
			runOnlyForDeploymentPostprocessing = 0;
		};
		8B7F39A02C0DA6B0007349BF /* Resources */ = {
			isa = PBXResourcesBuildPhase;
			buildActionMask = 2147483647;
			files = (
			);
			runOnlyForDeploymentPostprocessing = 0;
		};
		8B7F39AA2C0DA6B0007349BF /* Resources */ = {
			isa = PBXResourcesBuildPhase;
			buildActionMask = 2147483647;
			files = (
			);
			runOnlyForDeploymentPostprocessing = 0;
		};
/* End PBXResourcesBuildPhase section */

/* Begin PBXSourcesBuildPhase section */
		8B7F398E2C0DA6AD007349BF /* Sources */ = {
			isa = PBXSourcesBuildPhase;
			buildActionMask = 2147483647;
			files = (
				8B7F39982C0DA6AD007349BF /* ContentView.swift in Sources */,
				8B7F39962C0DA6AD007349BF /* manyouApp.swift in Sources */,
			);
			runOnlyForDeploymentPostprocessing = 0;
		};
		8B7F399E2C0DA6B0007349BF /* Sources */ = {
			isa = PBXSourcesBuildPhase;
			buildActionMask = 2147483647;
			files = (
				8B7F39A72C0DA6B0007349BF /* manyouTests.swift in Sources */,
			);
			runOnlyForDeploymentPostprocessing = 0;
		};
		8B7F39A82C0DA6B0007349BF /* Sources */ = {
			isa = PBXSourcesBuildPhase;
			buildActionMask = 2147483647;
			files = (
				8B7F39B12C0DA6B0007349BF /* manyouUITests.swift in Sources */,
				8B7F39B32C0DA6B0007349BF /* manyouUITestsLaunchTests.swift in Sources */,
			);
			runOnlyForDeploymentPostprocessing = 0;
		};
/* End PBXSourcesBuildPhase section */

/* Begin PBXTargetDependency section */
		8B7F39A42C0DA6B0007349BF /* PBXTargetDependency */ = {
			isa = PBXTargetDependency;
			target = 8B7F39912C0DA6AD007349BF /* manyou */;
			targetProxy = 8B7F39A32C0DA6B0007349BF /* PBXContainerItemProxy */;
		};
		8B7F39AE2C0DA6B0007349BF /* PBXTargetDependency */ = {
			isa = PBXTargetDependency;
			target = 8B7F39912C0DA6AD007349BF /* manyou */;
			targetProxy = 8B7F39AD2C0DA6B0007349BF /* PBXContainerItemProxy */;
		};
/* End PBXTargetDependency section */

/* Begin XCBuildConfiguration section */
		8B7F39B42C0DA6B0007349BF /* Debug */ = {
			isa = XCBuildConfiguration;
			buildSettings = {
				ALWAYS_SEARCH_USER_PATHS = NO;
				CLANG_ANALYZER_NONNULL = YES;
				CLANG_ANALYZER_NUMBER_OBJECT_CONVERSION = YES_AGGRESSIVE;
				CLANG_CXX_LANGUAGE_STANDARD = "gnu++20";
				CLANG_ENABLE_MODULES = YES;
				CLANG_ENABLE_OBJC_ARC = YES;
				CLANG_ENABLE_OBJC_WEAK = YES;
				CLANG_WARN_BLOCK_CAPTURE_AUTORELEASING = YES;
				CLANG_WARN_BOOL_CONVERSION = YES;
				CLANG_WARN_COMMA = YES;
				CLANG_WARN_CONSTANT_CONVERSION = YES;
				CLANG_WARN_DEPRECATED_OBJC_IMPLEMENTATIONS = YES;
				CLANG_WARN_DIRECT_OBJC_ISA_USAGE = YES_ERROR;
				CLANG_WARN_DOCUMENTATION_COMMENTS = YES;
				CLANG_WARN_EMPTY_BODY = YES;
				CLANG_WARN_ENUM_CONVERSION = YES;
				CLANG_WARN_INFINITE_RECURSION = YES;
				CLANG_WARN_INT_CONVERSION = YES;
				CLANG_WARN_NON_LITERAL_NULL_CONVERSION = YES;
				CLANG_WARN_OBJC_IMPLICIT_RETAIN_SELF = YES;
				CLANG_WARN_OBJC_LITERAL_CONVERSION = YES;
				CLANG_WARN_OBJC_ROOT_CLASS = YES_ERROR;
				CLANG_WARN_QUOTED_INCLUDE_IN_FRAMEWORK_HEADER = YES;
				CLANG_WARN_RANGE_LOOP_ANALYSIS = YES;
				CLANG_WARN_STRICT_PROTOTYPES = YES;
				CLANG_WARN_SUSPICIOUS_MOVE = YES;
				CLANG_WARN_UNGUARDED_AVAILABILITY = YES_AGGRESSIVE;
				CLANG_WARN_UNREACHABLE_CODE = YES;
				CLANG_WARN__DUPLICATE_METHOD_MATCH = YES;
				COPY_PHASE_STRIP = NO;
				DEBUG_INFORMATION_FORMAT = dwarf;
				ENABLE_STRICT_OBJC_MSGSEND = YES;
				ENABLE_TESTABILITY = YES;
				GCC_C_LANGUAGE_STANDARD = gnu11;
				GCC_DYNAMIC_NO_PIC = NO;
				GCC_NO_COMMON_BLOCKS = YES;
				GCC_OPTIMIZATION_LEVEL = 0;
				GCC_PREPROCESSOR_DEFINITIONS = (
					"DEBUG=1",
					"$(inherited)",
				);
				GCC_WARN_64_TO_32_BIT_CONVERSION = YES;
				GCC_WARN_ABOUT_RETURN_TYPE = YES_ERROR;
				GCC_WARN_UNDECLARED_SELECTOR = YES;
				GCC_WARN_UNINITIALIZED_AUTOS = YES_AGGRESSIVE;
				GCC_WARN_UNUSED_FUNCTION = YES;
				GCC_WARN_UNUSED_VARIABLE = YES;
				IPHONEOS_DEPLOYMENT_TARGET = 16.4;
				MTL_ENABLE_DEBUG_INFO = INCLUDE_SOURCE;
				MTL_FAST_MATH = YES;
				ONLY_ACTIVE_ARCH = YES;
				SDKROOT = iphoneos;
				SWIFT_ACTIVE_COMPILATION_CONDITIONS = DEBUG;
				SWIFT_OPTIMIZATION_LEVEL = "-Onone";
			};
			name = Debug;
		};
		8B7F39B52C0DA6B0007349BF /* Release */ = {
			isa = XCBuildConfiguration;
			buildSettings = {
				ALWAYS_SEARCH_USER_PATHS = NO;
				CLANG_ANALYZER_NONNULL = YES;
				CLANG_ANALYZER_NUMBER_OBJECT_CONVERSION = YES_AGGRESSIVE;
				CLANG_CXX_LANGUAGE_STANDARD = "gnu++20";
				CLANG_ENABLE_MODULES = YES;
				CLANG_ENABLE_OBJC_ARC = YES;
				CLANG_ENABLE_OBJC_WEAK = YES;
				CLANG_WARN_BLOCK_CAPTURE_AUTORELEASING = YES;
				CLANG_WARN_BOOL_CONVERSION = YES;
				CLANG_WARN_COMMA = YES;
				CLANG_WARN_CONSTANT_CONVERSION = YES;
				CLANG_WARN_DEPRECATED_OBJC_IMPLEMENTATIONS = YES;
				CLANG_WARN_DIRECT_OBJC_ISA_USAGE = YES_ERROR;
				CLANG_WARN_DOCUMENTATION_COMMENTS = YES;
				CLANG_WARN_EMPTY_BODY = YES;
				CLANG_WARN_ENUM_CONVERSION = YES;
				CLANG_WARN_INFINITE_RECURSION = YES;
				CLANG_WARN_INT_CONVERSION = YES;
				CLANG_WARN_NON_LITERAL_NULL_CONVERSION = YES;
				CLANG_WARN_OBJC_IMPLICIT_RETAIN_SELF = YES;
				CLANG_WARN_OBJC_LITERAL_CONVERSION = YES;
				CLANG_WARN_OBJC_ROOT_CLASS = YES_ERROR;
				CLANG_WARN_QUOTED_INCLUDE_IN_FRAMEWORK_HEADER = YES;
				CLANG_WARN_RANGE_LOOP_ANALYSIS = YES;
				CLANG_WARN_STRICT_PROTOTYPES = YES;
				CLANG_WARN_SUSPICIOUS_MOVE = YES;
				CLANG_WARN_UNGUARDED_AVAILABILITY = YES_AGGRESSIVE;
				CLANG_WARN_UNREACHABLE_CODE = YES;
				CLANG_WARN__DUPLICATE_METHOD_MATCH = YES;
				COPY_PHASE_STRIP = NO;
				DEBUG_INFORMATION_FORMAT = "dwarf-with-dsym";
				ENABLE_NS_ASSERTIONS = NO;
				ENABLE_STRICT_OBJC_MSGSEND = YES;
				GCC_C_LANGUAGE_STANDARD = gnu11;
				GCC_NO_COMMON_BLOCKS = YES;
				GCC_WARN_64_TO_32_BIT_CONVERSION = YES;
				GCC_WARN_ABOUT_RETURN_TYPE = YES_ERROR;
				GCC_WARN_UNDECLARED_SELECTOR = YES;
				GCC_WARN_UNINITIALIZED_AUTOS = YES_AGGRESSIVE;
				GCC_WARN_UNUSED_FUNCTION = YES;
				GCC_WARN_UNUSED_VARIABLE = YES;
				IPHONEOS_DEPLOYMENT_TARGET = 16.4;
				MTL_ENABLE_DEBUG_INFO = NO;
				MTL_FAST_MATH = YES;
				SDKROOT = iphoneos;
				SWIFT_COMPILATION_MODE = wholemodule;
				SWIFT_OPTIMIZATION_LEVEL = "-O";
				VALIDATE_PRODUCT = YES;
			};
			name = Release;
		};
		8B7F39B72C0DA6B0007349BF /* Debug */ = {
			isa = XCBuildConfiguration;
			buildSettings = {
				ASSETCATALOG_COMPILER_APPICON_NAME = AppIcon;
				ASSETCATALOG_COMPILER_GLOBAL_ACCENT_COLOR_NAME = AccentColor;
				CODE_SIGN_STYLE = Automatic;
				CURRENT_PROJECT_VERSION = 1;
				DEVELOPMENT_ASSET_PATHS = "\"manyou/Preview Content\"";
				ENABLE_PREVIEWS = YES;
				GENERATE_INFOPLIST_FILE = YES;
				INFOPLIST_KEY_UIApplicationSceneManifest_Generation = YES;
				INFOPLIST_KEY_UIApplicationSupportsIndirectInputEvents = YES;
				INFOPLIST_KEY_UILaunchScreen_Generation = YES;
				INFOPLIST_KEY_UISupportedInterfaceOrientations_iPad = "UIInterfaceOrientationPortrait UIInterfaceOrientationPortraitUpsideDown UIInterfaceOrientationLandscapeLeft UIInterfaceOrientationLandscapeRight";
				INFOPLIST_KEY_UISupportedInterfaceOrientations_iPhone = "UIInterfaceOrientationPortrait UIInterfaceOrientationLandscapeLeft UIInterfaceOrientationLandscapeRight";
				LD_RUNPATH_SEARCH_PATHS = (
					"$(inherited)",
					"@executable_path/Frameworks",
				);
				MARKETING_VERSION = 1.0;
				PRODUCT_BUNDLE_IDENTIFIER = manyou.manyou;
				PRODUCT_NAME = "$(TARGET_NAME)";
				SWIFT_EMIT_LOC_STRINGS = YES;
				SWIFT_VERSION = 5.0;
				TARGETED_DEVICE_FAMILY = "1,2";
			};
			name = Debug;
		};
		8B7F39B82C0DA6B0007349BF /* Release */ = {
			isa = XCBuildConfiguration;
			buildSettings = {
				ASSETCATALOG_COMPILER_APPICON_NAME = AppIcon;
				ASSETCATALOG_COMPILER_GLOBAL_ACCENT_COLOR_NAME = AccentColor;
				CODE_SIGN_STYLE = Automatic;
				CURRENT_PROJECT_VERSION = 1;
				DEVELOPMENT_ASSET_PATHS = "\"manyou/Preview Content\"";
				ENABLE_PREVIEWS = YES;
				GENERATE_INFOPLIST_FILE = YES;
				INFOPLIST_KEY_UIApplicationSceneManifest_Generation = YES;
				INFOPLIST_KEY_UIApplicationSupportsIndirectInputEvents = YES;
				INFOPLIST_KEY_UILaunchScreen_Generation = YES;
				INFOPLIST_KEY_UISupportedInterfaceOrientations_iPad = "UIInterfaceOrientationPortrait UIInterfaceOrientationPortraitUpsideDown UIInterfaceOrientationLandscapeLeft UIInterfaceOrientationLandscapeRight";
				INFOPLIST_KEY_UISupportedInterfaceOrientations_iPhone = "UIInterfaceOrientationPortrait UIInterfaceOrientationLandscapeLeft UIInterfaceOrientationLandscapeRight";
				LD_RUNPATH_SEARCH_PATHS = (
					"$(inherited)",
					"@executable_path/Frameworks",
				);
				MARKETING_VERSION = 1.0;
				PRODUCT_BUNDLE_IDENTIFIER = manyou.manyou;
				PRODUCT_NAME = "$(TARGET_NAME)";
				SWIFT_EMIT_LOC_STRINGS = YES;
				SWIFT_VERSION = 5.0;
				TARGETED_DEVICE_FAMILY = "1,2";
			};
			name = Release;
		};
		8B7F39BA2C0DA6B0007349BF /* Debug */ = {
			isa = XCBuildConfiguration;
			buildSettings = {
				ALWAYS_EMBED_SWIFT_STANDARD_LIBRARIES = YES;
				BUNDLE_LOADER = "$(TEST_HOST)";
				CODE_SIGN_STYLE = Automatic;
				CURRENT_PROJECT_VERSION = 1;
				GENERATE_INFOPLIST_FILE = YES;
				IPHONEOS_DEPLOYMENT_TARGET = 16.4;
				MARKETING_VERSION = 1.0;
				PRODUCT_BUNDLE_IDENTIFIER = manyou.manyouTests;
				PRODUCT_NAME = "$(TARGET_NAME)";
				SWIFT_EMIT_LOC_STRINGS = NO;
				SWIFT_VERSION = 5.0;
				TARGETED_DEVICE_FAMILY = "1,2";
				TEST_HOST = "$(BUILT_PRODUCTS_DIR)/manyou.app/$(BUNDLE_EXECUTABLE_FOLDER_PATH)/manyou";
			};
			name = Debug;
		};
		8B7F39BB2C0DA6B0007349BF /* Release */ = {
			isa = XCBuildConfiguration;
			buildSettings = {
				ALWAYS_EMBED_SWIFT_STANDARD_LIBRARIES = YES;
				BUNDLE_LOADER = "$(TEST_HOST)";
				CODE_SIGN_STYLE = Automatic;
				CURRENT_PROJECT_VERSION = 1;
				GENERATE_INFOPLIST_FILE = YES;
				IPHONEOS_DEPLOYMENT_TARGET = 16.4;
				MARKETING_VERSION = 1.0;
				PRODUCT_BUNDLE_IDENTIFIER = manyou.manyouTests;
				PRODUCT_NAME = "$(TARGET_NAME)";
				SWIFT_EMIT_LOC_STRINGS = NO;
				SWIFT_VERSION = 5.0;
				TARGETED_DEVICE_FAMILY = "1,2";
				TEST_HOST = "$(BUILT_PRODUCTS_DIR)/manyou.app/$(BUNDLE_EXECUTABLE_FOLDER_PATH)/manyou";
			};
			name = Release;
		};
		8B7F39BD2C0DA6B0007349BF /* Debug */ = {
			isa = XCBuildConfiguration;
			buildSettings = {
				ALWAYS_EMBED_SWIFT_STANDARD_LIBRARIES = YES;
				CODE_SIGN_STYLE = Automatic;
				CURRENT_PROJECT_VERSION = 1;
				GENERATE_INFOPLIST_FILE = YES;
				MARKETING_VERSION = 1.0;
				PRODUCT_BUNDLE_IDENTIFIER = manyou.manyouUITests;
				PRODUCT_NAME = "$(TARGET_NAME)";
				SWIFT_EMIT_LOC_STRINGS = NO;
				SWIFT_VERSION = 5.0;
				TARGETED_DEVICE_FAMILY = "1,2";
				TEST_TARGET_NAME = manyou;
			};
			name = Debug;
		};
		8B7F39BE2C0DA6B0007349BF /* Release */ = {
			isa = XCBuildConfiguration;
			buildSettings = {
				ALWAYS_EMBED_SWIFT_STANDARD_LIBRARIES = YES;
				CODE_SIGN_STYLE = Automatic;
				CURRENT_PROJECT_VERSION = 1;
				GENERATE_INFOPLIST_FILE = YES;
				MARKETING_VERSION = 1.0;
				PRODUCT_BUNDLE_IDENTIFIER = manyou.manyouUITests;
				PRODUCT_NAME = "$(TARGET_NAME)";
				SWIFT_EMIT_LOC_STRINGS = NO;
				SWIFT_VERSION = 5.0;
				TARGETED_DEVICE_FAMILY = "1,2";
				TEST_TARGET_NAME = manyou;
			};
			name = Release;
		};
/* End XCBuildConfiguration section */

/* Begin XCConfigurationList section */
		8B7F398D2C0DA6AD007349BF /* Build configuration list for PBXProject "manyou" */ = {
			isa = XCConfigurationList;
			buildConfigurations = (
				8B7F39B42C0DA6B0007349BF /* Debug */,
				8B7F39B52C0DA6B0007349BF /* Release */,
			);
			defaultConfigurationIsVisible = 0;
			defaultConfigurationName = Release;
		};
		8B7F39B62C0DA6B0007349BF /* Build configuration list for PBXNativeTarget "manyou" */ = {
			isa = XCConfigurationList;
			buildConfigurations = (
				8B7F39B72C0DA6B0007349BF /* Debug */,
				8B7F39B82C0DA6B0007349BF /* Release */,
			);
			defaultConfigurationIsVisible = 0;
			defaultConfigurationName = Release;
		};
		8B7F39B92C0DA6B0007349BF /* Build configuration list for PBXNativeTarget "manyouTests" */ = {
			isa = XCConfigurationList;
			buildConfigurations = (
				8B7F39BA2C0DA6B0007349BF /* Debug */,
				8B7F39BB2C0DA6B0007349BF /* Release */,
			);
			defaultConfigurationIsVisible = 0;
			defaultConfigurationName = Release;
		};
		8B7F39BC2C0DA6B0007349BF /* Build configuration list for PBXNativeTarget "manyouUITests" */ = {
			isa = XCConfigurationList;
			buildConfigurations = (
				8B7F39BD2C0DA6B0007349BF /* Debug */,
				8B7F39BE2C0DA6B0007349BF /* Release */,
			);
			defaultConfigurationIsVisible = 0;
			defaultConfigurationName = Release;
		};
/* End XCConfigurationList section */
	};
	rootObject = 8B7F398A2C0DA6AD007349BF /* Project object */;
}
